Microsoft Visual Studio Solution File, Format Version 11.00
# Visual Studio 2010
Project("{FAE04EC0-301F-11D3-BF4B-00C04F79EFBC}") = "FubuMVC.GettingStarted", "FubuMVC.GettingStarted\FubuMVC.GettingStarted.csproj", "{D0765EFA-2B15-4F68-A70F-7946E9B5F134}"
EndProject
Project("{FAE04EC0-301F-11D3-BF4B-00C04F79EFBC}") = "FubuRelease.Testing", "FubuRelease.Testing\FubuRelease.Testing.csproj", "{03ACFE42-249C-4CE0-88A3-3685C0CEC390}"
EndProject
Project("{2150E333-8FDC-42A3-9474-1A3956D46DE8}") = "Solution Items", "Solution Items", "{4E817B5F-9453-455A-9D5F-BA7C6175A21D}"
	ProjectSection(SolutionItems) = preProject
		..\rakefile.rb = ..\rakefile.rb
	EndProjectSection
EndProject
Project("{FAE04EC0-301F-11D3-BF4B-00C04F79EFBC}") = "FubuMVC.QuickStart.Spark", "FubuMVC.QuickStart.Spark\FubuMVC.QuickStart.Spark.csproj", "{FA162169-5ADA-4F58-A5CA-348496F011A5}"
EndProject
Global
	GlobalSection(SolutionConfigurationPlatforms) = preSolution
		Debug|Any CPU = Debug|Any CPU
		Release|Any CPU = Release|Any CPU
	EndGlobalSection
	GlobalSection(ProjectConfigurationPlatforms) = postSolution
		{D0765EFA-2B15-4F68-A70F-7946E9B5F134}.Debug|Any CPU.ActiveCfg = Debug|Any CPU
		{D0765EFA-2B15-4F68-A70F-7946E9B5F134}.Debug|Any CPU.Build.0 = Debug|Any CPU
		{D0765EFA-2B15-4F68-A70F-7946E9B5F134}.Release|Any CPU.ActiveCfg = Release|Any CPU
		{D0765EFA-2B15-4F68-A70F-7946E9B5F134}.Release|Any CPU.Build.0 = Release|Any CPU
		{03ACFE42-249C-4CE0-88A3-3685C0CEC390}.Debug|Any CPU.ActiveCfg = Debug|Any CPU
		{03ACFE42-249C-4CE0-88A3-3685C0CEC390}.Debug|Any CPU.Build.0 = Debug|Any CPU
		{03ACFE42-249C-4CE0-88A3-3685C0CEC390}.Release|Any CPU.ActiveCfg = Release|Any CPU
		{03ACFE42-249C-4CE0-88A3-3685C0CEC390}.Release|Any CPU.Build.0 = Release|Any CPU
		{FA162169-5ADA-4F58-A5CA-348496F011A5}.Debug|Any CPU.ActiveCfg = Debug|Any CPU
		{FA162169-5ADA-4F58-A5CA-348496F011A5}.Debug|Any CPU.Build.0 = Debug|Any CPU
		{FA162169-5ADA-4F58-A5CA-348496F011A5}.Release|Any CPU.ActiveCfg = Release|Any CPU
		{FA162169-5ADA-4F58-A5CA-348496F011A5}.Release|Any CPU.Build.0 = Release|Any CPU
	EndGlobalSection
	GlobalSection(SolutionProperties) = preSolution
		HideSolutionNode = FALSE
	EndGlobalSection
EndGlobal
